
Microsoft Visual Studio Solution File, Format Version 12.00
# Visual Studio Version 17
VisualStudioVersion = 17.3.32825.248
MinimumVisualStudioVersion = 10.0.40219.1
Project("{FAE04EC0-301F-11D3-BF4B-00C04F79EFBC}") = "ClassLibrary1", "ClassLibrary1\ClassLibrary1.csproj", "{6DA04A6A-73E3-4F23-9A6F-953CD8D3D4B3}"
EndProject
Project("{FAE04EC0-301F-11D3-BF4B-00C04F79EFBC}") = "TestProject1", "TestProject1\TestProject1.csproj", "{A3B33418-5AEF-4A2E-AEF6-3A0D743FC9F3}"
EndProject
Global
	GlobalSection(SolutionConfigurationPlatforms) = preSolution
		Debug|Any CPU = Debug|Any CPU
		Release|Any CPU = Release|Any CPU
	EndGlobalSection
	GlobalSection(ProjectConfigurationPlatforms) = postSolution
		{6DA04A6A-73E3-4F23-9A6F-953CD8D3D4B3}.Debug|Any CPU.ActiveCfg = Debug|Any CPU
		{6DA04A6A-73E3-4F23-9A6F-953CD8D3D4B3}.Debug|Any CPU.Build.0 = Debug|Any CPU
		{6DA04A6A-73E3-4F23-9A6F-953CD8D3D4B3}.Release|Any CPU.ActiveCfg = Release|Any CPU
		{6DA04A6A-73E3-4F23-9A6F-953CD8D3D4B3}.Release|Any CPU.Build.0 = Release|Any CPU
		{A3B33418-5AEF-4A2E-AEF6-3A0D743FC9F3}.Debug|Any CPU.ActiveCfg = Debug|Any CPU
		{A3B33418-5AEF-4A2E-AEF6-3A0D743FC9F3}.Debug|Any CPU.Build.0 = Debug|Any CPU
		{A3B33418-5AEF-4A2E-AEF6-3A0D743FC9F3}.Release|Any CPU.ActiveCfg = Release|Any CPU
		{A3B33418-5AEF-4A2E-AEF6-3A0D743FC9F3}.Release|Any CPU.Build.0 = Release|Any CPU
	EndGlobalSection
	GlobalSection(SolutionProperties) = preSolution
		HideSolutionNode = FALSE
	EndGlobalSection
	GlobalSection(ExtensibilityGlobals) = postSolution
		SolutionGuid = {29EC70F6-4E40-4342-8577-B130A982C2D5}
	EndGlobalSection
EndGlobal
